# This file is automatically @generated by Cargo.
# It is not intended for manual editing.
version = 4

[[package]]
name = "binary_tree_zigzag_level_order_traversal"
version = "0.1.0"

[[package]]
name = "deepest_leaves_sum"
version = "0.1.0"

[[package]]
name = "diameter_of_binary_tree"
version = "0.1.0"

[[package]]
name = "insert_into_a_binary_search_tree"
version = "0.1.0"

[[package]]
name = "maximum"
version = "0.1.0"

[[package]]
name = "minimum_depth_of_binary_tree"
version = "0.1.0"

[[package]]
name = "tree_and_graphs1"
version = "0.1.0"
