# This file is automatically @generated by Cargo.
# It is not intended for manual editing.
version = 4

[[package]]
name = "Snakes_and_ladders"
version = "0.1.0"

[[package]]
name = "binary_tree_zigzag_level_order_traversal"
version = "0.1.0"

[[package]]
name = "deepest_leaves_sum"
version = "0.1.0"

[[package]]
name = "diameter_of_binary_tree"
version = "0.1.0"

[[package]]
name = "find_if_path_exists_in_graph"
version = "0.1.0"

[[package]]
name = "insert_into_a_binary_search_tree"
version = "0.1.0"

[[package]]
name = "jump_game_III"
version = "0.1.0"

[[package]]
name = "max_area_of_island"
version = "0.1.0"

[[package]]
name = "maximum"
version = "0.1.0"

[[package]]
name = "minimum_depth_of_binary_tree"
version = "0.1.0"

[[package]]
name = "minimum_genetic_mutation"
version = "0.1.0"

[[package]]
name = "nearest_exit_from_entrance_in_maze"
version = "0.1.0"

[[package]]
name = "reachable_nodes_with_restrictions"
version = "0.1.0"

[[package]]
name = "tree_and_graphs1"
version = "0.1.0"
